
Microsoft Visual Studio Solution File, Format Version 12.00
# Visual Studio 15
VisualStudioVersion = 15.0.28307.329
MinimumVisualStudioVersion = 10.0.40219.1
Project("{2150E333-8FDC-42A3-9474-1A3956D46DE8}") = "src", "src", "{63161E49-16DA-4D1C-9767-D7E1E54FB8F8}"
EndProject
Project("{9A19103F-16F7-4668-BE54-9A1E7A4F7556}") = "Samples.Cli", "src\Samples.Cli\Samples.Cli.csproj", "{ED08419B-78F9-441F-9F1D-A3B395B801A5}"
EndProject
Project("{2150E333-8FDC-42A3-9474-1A3956D46DE8}") = ".config", ".config", "{91E93834-052E-43F6-AACB-7264D3BCE298}"
	ProjectSection(SolutionItems) = preProject
		.gitignore = .gitignore
		.vsts-ci.yml = .vsts-ci.yml
		LICENSE = LICENSE
		nuget.config = nuget.config
		README.md = README.md
	EndProjectSection
EndProject
Project("{9A19103F-16F7-4668-BE54-9A1E7A4F7556}") = "Samples.WebApi", "src\Samples.WebApi\Samples.WebApi.csproj", "{EE782C6A-E242-4C71-934D-6A08499C879F}"
EndProject
Project("{2150E333-8FDC-42A3-9474-1A3956D46DE8}") = "tests", "tests", "{19561DFC-CB24-4114-9FE9-3041DC7F6143}"
EndProject
Project("{9A19103F-16F7-4668-BE54-9A1E7A4F7556}") = "Samples.WebApi.Tests", "tests\Samples.WebApi.Tests\Samples.WebApi.Tests.csproj", "{82E73584-8799-4465-93C7-FF96BBA504A4}"
EndProject
Project("{FAE04EC0-301F-11D3-BF4B-00C04F79EFBC}") = "Samples.WebApi.Integration.Tests", "tests\Samples.WebApi.Integration.Tests\Samples.WebApi.Integration.Tests.csproj", "{94B301C5-0377-4A87-9DE9-00AC200F27F7}"
EndProject
Global
	GlobalSection(SolutionConfigurationPlatforms) = preSolution
		Debug|Any CPU = Debug|Any CPU
		Release|Any CPU = Release|Any CPU
	EndGlobalSection
	GlobalSection(ProjectConfigurationPlatforms) = postSolution
		{ED08419B-78F9-441F-9F1D-A3B395B801A5}.Debug|Any CPU.ActiveCfg = Debug|Any CPU
		{ED08419B-78F9-441F-9F1D-A3B395B801A5}.Debug|Any CPU.Build.0 = Debug|Any CPU
		{ED08419B-78F9-441F-9F1D-A3B395B801A5}.Release|Any CPU.ActiveCfg = Release|Any CPU
		{ED08419B-78F9-441F-9F1D-A3B395B801A5}.Release|Any CPU.Build.0 = Release|Any CPU
		{EE782C6A-E242-4C71-934D-6A08499C879F}.Debug|Any CPU.ActiveCfg = Debug|Any CPU
		{EE782C6A-E242-4C71-934D-6A08499C879F}.Debug|Any CPU.Build.0 = Debug|Any CPU
		{EE782C6A-E242-4C71-934D-6A08499C879F}.Release|Any CPU.ActiveCfg = Release|Any CPU
		{EE782C6A-E242-4C71-934D-6A08499C879F}.Release|Any CPU.Build.0 = Release|Any CPU
		{82E73584-8799-4465-93C7-FF96BBA504A4}.Debug|Any CPU.ActiveCfg = Debug|Any CPU
		{82E73584-8799-4465-93C7-FF96BBA504A4}.Debug|Any CPU.Build.0 = Debug|Any CPU
		{82E73584-8799-4465-93C7-FF96BBA504A4}.Release|Any CPU.ActiveCfg = Release|Any CPU
		{82E73584-8799-4465-93C7-FF96BBA504A4}.Release|Any CPU.Build.0 = Release|Any CPU
		{94B301C5-0377-4A87-9DE9-00AC200F27F7}.Debug|Any CPU.ActiveCfg = Debug|Any CPU
		{94B301C5-0377-4A87-9DE9-00AC200F27F7}.Debug|Any CPU.Build.0 = Debug|Any CPU
		{94B301C5-0377-4A87-9DE9-00AC200F27F7}.Release|Any CPU.ActiveCfg = Release|Any CPU
		{94B301C5-0377-4A87-9DE9-00AC200F27F7}.Release|Any CPU.Build.0 = Release|Any CPU
	EndGlobalSection
	GlobalSection(SolutionProperties) = preSolution
		HideSolutionNode = FALSE
	EndGlobalSection
	GlobalSection(NestedProjects) = preSolution
		{ED08419B-78F9-441F-9F1D-A3B395B801A5} = {63161E49-16DA-4D1C-9767-D7E1E54FB8F8}
		{EE782C6A-E242-4C71-934D-6A08499C879F} = {63161E49-16DA-4D1C-9767-D7E1E54FB8F8}
		{82E73584-8799-4465-93C7-FF96BBA504A4} = {19561DFC-CB24-4114-9FE9-3041DC7F6143}
		{94B301C5-0377-4A87-9DE9-00AC200F27F7} = {19561DFC-CB24-4114-9FE9-3041DC7F6143}
	EndGlobalSection
	GlobalSection(ExtensibilityGlobals) = postSolution
		SolutionGuid = {754693E9-008F-4E6D-8288-D498CE2E100E}
	EndGlobalSection
EndGlobal
